
Microsoft Visual Studio Solution File, Format Version 12.00
# Visual Studio 15
VisualStudioVersion = 15.0.26730.12
MinimumVisualStudioVersion = 10.0.40219.1
Project("{9A19103F-16F7-4668-BE54-9A1E7A4F7556}") = "PostuleCandidature", "PostuleCandidature\PostuleCandidature.csproj", "{2B89F9AF-5587-4B7A-AE7E-2D5ACBA3A074}"
EndProject
Project("{FAE04EC0-301F-11D3-BF4B-00C04F79EFBC}") = "SocialNetworkForLearning", "SocialNetworkForLearning\SocialNetworkForLearning.csproj", "{1AEBEBBA-BAE9-47FF-B4C1-5E3BA9CF7FA0}"
EndProject
Project("{FAE04EC0-301F-11D3-BF4B-00C04F79EFBC}") = "AuthServer", "AuthServer\AuthServer.csproj", "{FD520055-7D11-4C3F-A987-E61B0A407282}"
EndProject
Global
	GlobalSection(SolutionConfigurationPlatforms) = preSolution
		Debug|Any CPU = Debug|Any CPU
		Release|Any CPU = Release|Any CPU
	EndGlobalSection
	GlobalSection(ProjectConfigurationPlatforms) = postSolution
		{2B89F9AF-5587-4B7A-AE7E-2D5ACBA3A074}.Debug|Any CPU.ActiveCfg = Debug|Any CPU
		{2B89F9AF-5587-4B7A-AE7E-2D5ACBA3A074}.Debug|Any CPU.Build.0 = Debug|Any CPU
		{2B89F9AF-5587-4B7A-AE7E-2D5ACBA3A074}.Release|Any CPU.ActiveCfg = Release|Any CPU
		{2B89F9AF-5587-4B7A-AE7E-2D5ACBA3A074}.Release|Any CPU.Build.0 = Release|Any CPU
		{1AEBEBBA-BAE9-47FF-B4C1-5E3BA9CF7FA0}.Debug|Any CPU.ActiveCfg = Debug|Any CPU
		{1AEBEBBA-BAE9-47FF-B4C1-5E3BA9CF7FA0}.Debug|Any CPU.Build.0 = Debug|Any CPU
		{1AEBEBBA-BAE9-47FF-B4C1-5E3BA9CF7FA0}.Release|Any CPU.ActiveCfg = Release|Any CPU
		{1AEBEBBA-BAE9-47FF-B4C1-5E3BA9CF7FA0}.Release|Any CPU.Build.0 = Release|Any CPU
		{FD520055-7D11-4C3F-A987-E61B0A407282}.Debug|Any CPU.ActiveCfg = Debug|Any CPU
		{FD520055-7D11-4C3F-A987-E61B0A407282}.Debug|Any CPU.Build.0 = Debug|Any CPU
		{FD520055-7D11-4C3F-A987-E61B0A407282}.Release|Any CPU.ActiveCfg = Release|Any CPU
		{FD520055-7D11-4C3F-A987-E61B0A407282}.Release|Any CPU.Build.0 = Release|Any CPU
	EndGlobalSection
	GlobalSection(SolutionProperties) = preSolution
		HideSolutionNode = FALSE
	EndGlobalSection
	GlobalSection(ExtensibilityGlobals) = postSolution
		SolutionGuid = {C0BCC6AD-7EAC-4715-8672-5D4983110500}
	EndGlobalSection
EndGlobal
